
Microsoft Visual Studio Solution File, Format Version 12.00
# Visual Studio Version 17
VisualStudioVersion = 17.1.32328.378
MinimumVisualStudioVersion = 10.0.40219.1
Project("{FAE04EC0-301F-11D3-BF4B-00C04F79EFBC}") = "BPlusTree", "BPlusTree\BPlusTree.csproj", "{F0106A39-608E-43A8-949F-6AE5797AC89D}"
EndProject
Project("{FAE04EC0-301F-11D3-BF4B-00C04F79EFBC}") = "TestProject1", "TestProject1\TestProject1.csproj", "{505F9E69-8FE5-4267-9C81-9D64DA59AF5F}"
EndProject
Global
	GlobalSection(SolutionConfigurationPlatforms) = preSolution
		Debug|Any CPU = Debug|Any CPU
		Release|Any CPU = Release|Any CPU
	EndGlobalSection
	GlobalSection(ProjectConfigurationPlatforms) = postSolution
		{F0106A39-608E-43A8-949F-6AE5797AC89D}.Debug|Any CPU.ActiveCfg = Debug|Any CPU
		{F0106A39-608E-43A8-949F-6AE5797AC89D}.Debug|Any CPU.Build.0 = Debug|Any CPU
		{F0106A39-608E-43A8-949F-6AE5797AC89D}.Release|Any CPU.ActiveCfg = Release|Any CPU
		{F0106A39-608E-43A8-949F-6AE5797AC89D}.Release|Any CPU.Build.0 = Release|Any CPU
		{505F9E69-8FE5-4267-9C81-9D64DA59AF5F}.Debug|Any CPU.ActiveCfg = Debug|Any CPU
		{505F9E69-8FE5-4267-9C81-9D64DA59AF5F}.Debug|Any CPU.Build.0 = Debug|Any CPU
		{505F9E69-8FE5-4267-9C81-9D64DA59AF5F}.Release|Any CPU.ActiveCfg = Release|Any CPU
		{505F9E69-8FE5-4267-9C81-9D64DA59AF5F}.Release|Any CPU.Build.0 = Release|Any CPU
	EndGlobalSection
	GlobalSection(SolutionProperties) = preSolution
		HideSolutionNode = FALSE
	EndGlobalSection
	GlobalSection(ExtensibilityGlobals) = postSolution
		SolutionGuid = {8C5F4422-2CE0-44AC-AE40-FD2776740ABB}
	EndGlobalSection
EndGlobal
